
Microsoft Visual Studio Solution File, Format Version 12.00
# Visual Studio Version 16
VisualStudioVersion = 16.0.31727.386
MinimumVisualStudioVersion = 10.0.40219.1
Project("{8BC9CEB8-8B4A-11D0-8D11-00A0C91BC942}") = "lab9A", "lab9A\lab9A.vcxproj", "{9419D086-6B6D-488E-B998-4550BD499BD7}"
EndProject
Global
	GlobalSection(SolutionConfigurationPlatforms) = preSolution
		Debug|x64 = Debug|x64
		Debug|x86 = Debug|x86
		Release|x64 = Release|x64
		Release|x86 = Release|x86
	EndGlobalSection
	GlobalSection(ProjectConfigurationPlatforms) = postSolution
		{9419D086-6B6D-488E-B998-4550BD499BD7}.Debug|x64.ActiveCfg = Debug|x64
		{9419D086-6B6D-488E-B998-4550BD499BD7}.Debug|x64.Build.0 = Debug|x64
		{9419D086-6B6D-488E-B998-4550BD499BD7}.Debug|x86.ActiveCfg = Debug|Win32
		{9419D086-6B6D-488E-B998-4550BD499BD7}.Debug|x86.Build.0 = Debug|Win32
		{9419D086-6B6D-488E-B998-4550BD499BD7}.Release|x64.ActiveCfg = Release|x64
		{9419D086-6B6D-488E-B998-4550BD499BD7}.Release|x64.Build.0 = Release|x64
		{9419D086-6B6D-488E-B998-4550BD499BD7}.Release|x86.ActiveCfg = Release|Win32
		{9419D086-6B6D-488E-B998-4550BD499BD7}.Release|x86.Build.0 = Release|Win32
	EndGlobalSection
	GlobalSection(SolutionProperties) = preSolution
		HideSolutionNode = FALSE
	EndGlobalSection
	GlobalSection(ExtensibilityGlobals) = postSolution
		SolutionGuid = {B5C165B7-4B65-4781-8E1E-72F5F2345E51}
	EndGlobalSection
EndGlobal
