
Microsoft Visual Studio Solution File, Format Version 12.00
# Visual Studio Version 16
VisualStudioVersion = 16.0.31624.102
MinimumVisualStudioVersion = 10.0.40219.1
Project("{8BC9CEB8-8B4A-11D0-8D11-00A0C91BC942}") = "lab11_B", "lab11_B\lab11_B.vcxproj", "{5F474C7B-B11A-4CAA-B633-C9B906601928}"
EndProject
Project("{8BC9CEB8-8B4A-11D0-8D11-00A0C91BC942}") = "lab11G", "lab11G\lab11G.vcxproj", "{9592F768-E29F-41DB-B5DA-46E5314DD3B8}"
EndProject
Project("{8BC9CEB8-8B4A-11D0-8D11-00A0C91BC942}") = "lab11V", "lab11V\lab11V.vcxproj", "{5E5BDD55-8466-4B2C-BC6B-07035CF92271}"
EndProject
Project("{8BC9CEB8-8B4A-11D0-8D11-00A0C91BC942}") = "lab11D", "lab11D\lab11D.vcxproj", "{97EF7998-380F-41A8-B19C-936FA4BA8E12}"
EndProject
Project("{8BC9CEB8-8B4A-11D0-8D11-00A0C91BC942}") = "lab11E", "lab11E\lab11E.vcxproj", "{AE0F3068-3712-412F-9FF9-A8FCEE42B64C}"
EndProject
Global
	GlobalSection(SolutionConfigurationPlatforms) = preSolution
		Debug|x64 = Debug|x64
		Debug|x86 = Debug|x86
		Release|x64 = Release|x64
		Release|x86 = Release|x86
	EndGlobalSection
	GlobalSection(ProjectConfigurationPlatforms) = postSolution
		{5F474C7B-B11A-4CAA-B633-C9B906601928}.Debug|x64.ActiveCfg = Debug|x64
		{5F474C7B-B11A-4CAA-B633-C9B906601928}.Debug|x64.Build.0 = Debug|x64
		{5F474C7B-B11A-4CAA-B633-C9B906601928}.Debug|x86.ActiveCfg = Debug|Win32
		{5F474C7B-B11A-4CAA-B633-C9B906601928}.Debug|x86.Build.0 = Debug|Win32
		{5F474C7B-B11A-4CAA-B633-C9B906601928}.Release|x64.ActiveCfg = Release|x64
		{5F474C7B-B11A-4CAA-B633-C9B906601928}.Release|x64.Build.0 = Release|x64
		{5F474C7B-B11A-4CAA-B633-C9B906601928}.Release|x86.ActiveCfg = Release|Win32
		{5F474C7B-B11A-4CAA-B633-C9B906601928}.Release|x86.Build.0 = Release|Win32
		{9592F768-E29F-41DB-B5DA-46E5314DD3B8}.Debug|x64.ActiveCfg = Debug|x64
		{9592F768-E29F-41DB-B5DA-46E5314DD3B8}.Debug|x64.Build.0 = Debug|x64
		{9592F768-E29F-41DB-B5DA-46E5314DD3B8}.Debug|x86.ActiveCfg = Debug|Win32
		{9592F768-E29F-41DB-B5DA-46E5314DD3B8}.Debug|x86.Build.0 = Debug|Win32
		{9592F768-E29F-41DB-B5DA-46E5314DD3B8}.Release|x64.ActiveCfg = Release|x64
		{9592F768-E29F-41DB-B5DA-46E5314DD3B8}.Release|x64.Build.0 = Release|x64
		{9592F768-E29F-41DB-B5DA-46E5314DD3B8}.Release|x86.ActiveCfg = Release|Win32
		{9592F768-E29F-41DB-B5DA-46E5314DD3B8}.Release|x86.Build.0 = Release|Win32
		{5E5BDD55-8466-4B2C-BC6B-07035CF92271}.Debug|x64.ActiveCfg = Debug|x64
		{5E5BDD55-8466-4B2C-BC6B-07035CF92271}.Debug|x64.Build.0 = Debug|x64
		{5E5BDD55-8466-4B2C-BC6B-07035CF92271}.Debug|x86.ActiveCfg = Debug|Win32
		{5E5BDD55-8466-4B2C-BC6B-07035CF92271}.Debug|x86.Build.0 = Debug|Win32
		{5E5BDD55-8466-4B2C-BC6B-07035CF92271}.Release|x64.ActiveCfg = Release|x64
		{5E5BDD55-8466-4B2C-BC6B-07035CF92271}.Release|x64.Build.0 = Release|x64
		{5E5BDD55-8466-4B2C-BC6B-07035CF92271}.Release|x86.ActiveCfg = Release|Win32
		{5E5BDD55-8466-4B2C-BC6B-07035CF92271}.Release|x86.Build.0 = Release|Win32
		{97EF7998-380F-41A8-B19C-936FA4BA8E12}.Debug|x64.ActiveCfg = Debug|x64
		{97EF7998-380F-41A8-B19C-936FA4BA8E12}.Debug|x64.Build.0 = Debug|x64
		{97EF7998-380F-41A8-B19C-936FA4BA8E12}.Debug|x86.ActiveCfg = Debug|Win32
		{97EF7998-380F-41A8-B19C-936FA4BA8E12}.Debug|x86.Build.0 = Debug|Win32
		{97EF7998-380F-41A8-B19C-936FA4BA8E12}.Release|x64.ActiveCfg = Release|x64
		{97EF7998-380F-41A8-B19C-936FA4BA8E12}.Release|x64.Build.0 = Release|x64
		{97EF7998-380F-41A8-B19C-936FA4BA8E12}.Release|x86.ActiveCfg = Release|Win32
		{97EF7998-380F-41A8-B19C-936FA4BA8E12}.Release|x86.Build.0 = Release|Win32
		{AE0F3068-3712-412F-9FF9-A8FCEE42B64C}.Debug|x64.ActiveCfg = Debug|x64
		{AE0F3068-3712-412F-9FF9-A8FCEE42B64C}.Debug|x64.Build.0 = Debug|x64
		{AE0F3068-3712-412F-9FF9-A8FCEE42B64C}.Debug|x86.ActiveCfg = Debug|Win32
		{AE0F3068-3712-412F-9FF9-A8FCEE42B64C}.Debug|x86.Build.0 = Debug|Win32
		{AE0F3068-3712-412F-9FF9-A8FCEE42B64C}.Release|x64.ActiveCfg = Release|x64
		{AE0F3068-3712-412F-9FF9-A8FCEE42B64C}.Release|x64.Build.0 = Release|x64
		{AE0F3068-3712-412F-9FF9-A8FCEE42B64C}.Release|x86.ActiveCfg = Release|Win32
		{AE0F3068-3712-412F-9FF9-A8FCEE42B64C}.Release|x86.Build.0 = Release|Win32
	EndGlobalSection
	GlobalSection(SolutionProperties) = preSolution
		HideSolutionNode = FALSE
	EndGlobalSection
	GlobalSection(ExtensibilityGlobals) = postSolution
		SolutionGuid = {3B861DF2-1A71-4116-A690-91FD36C841C4}
	EndGlobalSection
EndGlobal
