
Microsoft Visual Studio Solution File, Format Version 12.00
# Visual Studio Version 16
VisualStudioVersion = 16.0.31727.386
MinimumVisualStudioVersion = 10.0.40219.1
Project("{8BC9CEB8-8B4A-11D0-8D11-00A0C91BC942}") = "lab9V", "lab9V\lab9V.vcxproj", "{DCB98155-022B-4ADB-9061-10D764C18F82}"
EndProject
Global
	GlobalSection(SolutionConfigurationPlatforms) = preSolution
		Debug|x64 = Debug|x64
		Debug|x86 = Debug|x86
		Release|x64 = Release|x64
		Release|x86 = Release|x86
	EndGlobalSection
	GlobalSection(ProjectConfigurationPlatforms) = postSolution
		{DCB98155-022B-4ADB-9061-10D764C18F82}.Debug|x64.ActiveCfg = Debug|x64
		{DCB98155-022B-4ADB-9061-10D764C18F82}.Debug|x64.Build.0 = Debug|x64
		{DCB98155-022B-4ADB-9061-10D764C18F82}.Debug|x86.ActiveCfg = Debug|Win32
		{DCB98155-022B-4ADB-9061-10D764C18F82}.Debug|x86.Build.0 = Debug|Win32
		{DCB98155-022B-4ADB-9061-10D764C18F82}.Release|x64.ActiveCfg = Release|x64
		{DCB98155-022B-4ADB-9061-10D764C18F82}.Release|x64.Build.0 = Release|x64
		{DCB98155-022B-4ADB-9061-10D764C18F82}.Release|x86.ActiveCfg = Release|Win32
		{DCB98155-022B-4ADB-9061-10D764C18F82}.Release|x86.Build.0 = Release|Win32
	EndGlobalSection
	GlobalSection(SolutionProperties) = preSolution
		HideSolutionNode = FALSE
	EndGlobalSection
	GlobalSection(ExtensibilityGlobals) = postSolution
		SolutionGuid = {A023139F-79A6-49DC-86A7-9CA582F231F4}
	EndGlobalSection
EndGlobal
