
Microsoft Visual Studio Solution File, Format Version 12.00
# Visual Studio Version 16
VisualStudioVersion = 16.0.31624.102
MinimumVisualStudioVersion = 10.0.40219.1
Project("{8BC9CEB8-8B4A-11D0-8D11-00A0C91BC942}") = "lab3", "lab3\lab3.vcxproj", "{68CE5191-F2CB-4953-956F-C4FFCD4C0983}"
EndProject
Project("{8BC9CEB8-8B4A-11D0-8D11-00A0C91BC942}") = "lab3A", "lab3A\lab3A.vcxproj", "{DB51C9DD-EDE0-4892-9E7B-8E0AE91776F2}"
EndProject
Project("{8BC9CEB8-8B4A-11D0-8D11-00A0C91BC942}") = "lab3B", "lab3B\lab3B.vcxproj", "{C948CDAF-F67E-424A-A40A-2F380CB4CEA7}"
EndProject
Project("{8BC9CEB8-8B4A-11D0-8D11-00A0C91BC942}") = "lab3V", "lab3V\lab3V.vcxproj", "{C327200C-EDE1-4EA6-9858-77A02EB9EF24}"
EndProject
Project("{8BC9CEB8-8B4A-11D0-8D11-00A0C91BC942}") = "lab3G", "lab3G\lab3G.vcxproj", "{46B2EFEE-6A1A-47AC-9362-B03DCB130C5D}"
EndProject
Project("{8BC9CEB8-8B4A-11D0-8D11-00A0C91BC942}") = "lab3D", "lab3D\lab3D.vcxproj", "{5F2BF68D-321F-478F-BA12-20CE148137FD}"
EndProject
Global
	GlobalSection(SolutionConfigurationPlatforms) = preSolution
		Debug|x64 = Debug|x64
		Debug|x86 = Debug|x86
		Release|x64 = Release|x64
		Release|x86 = Release|x86
	EndGlobalSection
	GlobalSection(ProjectConfigurationPlatforms) = postSolution
		{68CE5191-F2CB-4953-956F-C4FFCD4C0983}.Debug|x64.ActiveCfg = Debug|x64
		{68CE5191-F2CB-4953-956F-C4FFCD4C0983}.Debug|x64.Build.0 = Debug|x64
		{68CE5191-F2CB-4953-956F-C4FFCD4C0983}.Debug|x86.ActiveCfg = Debug|Win32
		{68CE5191-F2CB-4953-956F-C4FFCD4C0983}.Debug|x86.Build.0 = Debug|Win32
		{68CE5191-F2CB-4953-956F-C4FFCD4C0983}.Release|x64.ActiveCfg = Release|x64
		{68CE5191-F2CB-4953-956F-C4FFCD4C0983}.Release|x64.Build.0 = Release|x64
		{68CE5191-F2CB-4953-956F-C4FFCD4C0983}.Release|x86.ActiveCfg = Release|Win32
		{68CE5191-F2CB-4953-956F-C4FFCD4C0983}.Release|x86.Build.0 = Release|Win32
		{DB51C9DD-EDE0-4892-9E7B-8E0AE91776F2}.Debug|x64.ActiveCfg = Debug|x64
		{DB51C9DD-EDE0-4892-9E7B-8E0AE91776F2}.Debug|x64.Build.0 = Debug|x64
		{DB51C9DD-EDE0-4892-9E7B-8E0AE91776F2}.Debug|x86.ActiveCfg = Debug|Win32
		{DB51C9DD-EDE0-4892-9E7B-8E0AE91776F2}.Debug|x86.Build.0 = Debug|Win32
		{DB51C9DD-EDE0-4892-9E7B-8E0AE91776F2}.Release|x64.ActiveCfg = Release|x64
		{DB51C9DD-EDE0-4892-9E7B-8E0AE91776F2}.Release|x64.Build.0 = Release|x64
		{DB51C9DD-EDE0-4892-9E7B-8E0AE91776F2}.Release|x86.ActiveCfg = Release|Win32
		{DB51C9DD-EDE0-4892-9E7B-8E0AE91776F2}.Release|x86.Build.0 = Release|Win32
		{C948CDAF-F67E-424A-A40A-2F380CB4CEA7}.Debug|x64.ActiveCfg = Debug|x64
		{C948CDAF-F67E-424A-A40A-2F380CB4CEA7}.Debug|x64.Build.0 = Debug|x64
		{C948CDAF-F67E-424A-A40A-2F380CB4CEA7}.Debug|x86.ActiveCfg = Debug|Win32
		{C948CDAF-F67E-424A-A40A-2F380CB4CEA7}.Debug|x86.Build.0 = Debug|Win32
		{C948CDAF-F67E-424A-A40A-2F380CB4CEA7}.Release|x64.ActiveCfg = Release|x64
		{C948CDAF-F67E-424A-A40A-2F380CB4CEA7}.Release|x64.Build.0 = Release|x64
		{C948CDAF-F67E-424A-A40A-2F380CB4CEA7}.Release|x86.ActiveCfg = Release|Win32
		{C948CDAF-F67E-424A-A40A-2F380CB4CEA7}.Release|x86.Build.0 = Release|Win32
		{C327200C-EDE1-4EA6-9858-77A02EB9EF24}.Debug|x64.ActiveCfg = Debug|x64
		{C327200C-EDE1-4EA6-9858-77A02EB9EF24}.Debug|x64.Build.0 = Debug|x64
		{C327200C-EDE1-4EA6-9858-77A02EB9EF24}.Debug|x86.ActiveCfg = Debug|Win32
		{C327200C-EDE1-4EA6-9858-77A02EB9EF24}.Debug|x86.Build.0 = Debug|Win32
		{C327200C-EDE1-4EA6-9858-77A02EB9EF24}.Release|x64.ActiveCfg = Release|x64
		{C327200C-EDE1-4EA6-9858-77A02EB9EF24}.Release|x64.Build.0 = Release|x64
		{C327200C-EDE1-4EA6-9858-77A02EB9EF24}.Release|x86.ActiveCfg = Release|Win32
		{C327200C-EDE1-4EA6-9858-77A02EB9EF24}.Release|x86.Build.0 = Release|Win32
		{46B2EFEE-6A1A-47AC-9362-B03DCB130C5D}.Debug|x64.ActiveCfg = Debug|x64
		{46B2EFEE-6A1A-47AC-9362-B03DCB130C5D}.Debug|x64.Build.0 = Debug|x64
		{46B2EFEE-6A1A-47AC-9362-B03DCB130C5D}.Debug|x86.ActiveCfg = Debug|Win32
		{46B2EFEE-6A1A-47AC-9362-B03DCB130C5D}.Debug|x86.Build.0 = Debug|Win32
		{46B2EFEE-6A1A-47AC-9362-B03DCB130C5D}.Release|x64.ActiveCfg = Release|x64
		{46B2EFEE-6A1A-47AC-9362-B03DCB130C5D}.Release|x64.Build.0 = Release|x64
		{46B2EFEE-6A1A-47AC-9362-B03DCB130C5D}.Release|x86.ActiveCfg = Release|Win32
		{46B2EFEE-6A1A-47AC-9362-B03DCB130C5D}.Release|x86.Build.0 = Release|Win32
		{5F2BF68D-321F-478F-BA12-20CE148137FD}.Debug|x64.ActiveCfg = Debug|x64
		{5F2BF68D-321F-478F-BA12-20CE148137FD}.Debug|x64.Build.0 = Debug|x64
		{5F2BF68D-321F-478F-BA12-20CE148137FD}.Debug|x86.ActiveCfg = Debug|Win32
		{5F2BF68D-321F-478F-BA12-20CE148137FD}.Debug|x86.Build.0 = Debug|Win32
		{5F2BF68D-321F-478F-BA12-20CE148137FD}.Release|x64.ActiveCfg = Release|x64
		{5F2BF68D-321F-478F-BA12-20CE148137FD}.Release|x64.Build.0 = Release|x64
		{5F2BF68D-321F-478F-BA12-20CE148137FD}.Release|x86.ActiveCfg = Release|Win32
		{5F2BF68D-321F-478F-BA12-20CE148137FD}.Release|x86.Build.0 = Release|Win32
	EndGlobalSection
	GlobalSection(SolutionProperties) = preSolution
		HideSolutionNode = FALSE
	EndGlobalSection
	GlobalSection(ExtensibilityGlobals) = postSolution
		SolutionGuid = {AAF2319D-A82A-4317-AA93-E5E2F4540E07}
	EndGlobalSection
EndGlobal
